// !$*UTF8*$!
{
	archiveVersion = 1;
	classes = {
	};
	objectVersion = 50;
	objects = {

/* Begin PBXBuildFile section */
		91055DD321CC2F7800FE1BA1 /* AppDelegate.swift in Sources */ = {isa = PBXBuildFile; fileRef = 91055DD221CC2F7800FE1BA1 /* AppDelegate.swift */; };
		91055DD521CC2F7800FE1BA1 /* ConcentrationViewController.swift in Sources */ = {isa = PBXBuildFile; fileRef = 91055DD421CC2F7800FE1BA1 /* ConcentrationViewController.swift */; };
		91055DD821CC2F7800FE1BA1 /* Main.storyboard in Resources */ = {isa = PBXBuildFile; fileRef = 91055DD621CC2F7800FE1BA1 /* Main.storyboard */; };
		91055DDA21CC2F7A00FE1BA1 /* Assets.xcassets in Resources */ = {isa = PBXBuildFile; fileRef = 91055DD921CC2F7A00FE1BA1 /* Assets.xcassets */; };
		91055DDD21CC2F7A00FE1BA1 /* LaunchScreen.storyboard in Resources */ = {isa = PBXBuildFile; fileRef = 91055DDB21CC2F7A00FE1BA1 /* LaunchScreen.storyboard */; };
		91055DE621CC306D00FE1BA1 /* Card.swift in Sources */ = {isa = PBXBuildFile; fileRef = 91055DE521CC306D00FE1BA1 /* Card.swift */; };
		91055DE821CC34CB00FE1BA1 /* ConcentrationModel.swift in Sources */ = {isa = PBXBuildFile; fileRef = 91055DE721CC34CB00FE1BA1 /* ConcentrationModel.swift */; };
		916D036821CFBA3400B0DB1A /* Theme.swift in Sources */ = {isa = PBXBuildFile; fileRef = 916D036721CFBA3400B0DB1A /* Theme.swift */; };
		916D036A21CFBB0B00B0DB1A /* ThemeChooserViewController.swift in Sources */ = {isa = PBXBuildFile; fileRef = 916D036921CFBB0B00B0DB1A /* ThemeChooserViewController.swift */; };
/* End PBXBuildFile section */

/* Begin PBXFileReference section */
		91055DCF21CC2F7800FE1BA1 /* ConcentrationGame.app */ = {isa = PBXFileReference; explicitFileType = wrapper.application; includeInIndex = 0; path = ConcentrationGame.app; sourceTree = BUILT_PRODUCTS_DIR; };
		91055DD221CC2F7800FE1BA1 /* AppDelegate.swift */ = {isa = PBXFileReference; lastKnownFileType = sourcecode.swift; path = AppDelegate.swift; sourceTree = "<group>"; };
		91055DD421CC2F7800FE1BA1 /* ConcentrationViewController.swift */ = {isa = PBXFileReference; lastKnownFileType = sourcecode.swift; path = ConcentrationViewController.swift; sourceTree = "<group>"; };
		91055DD721CC2F7800FE1BA1 /* Base */ = {isa = PBXFileReference; lastKnownFileType = file.storyboard; name = Base; path = Base.lproj/Main.storyboard; sourceTree = "<group>"; };
		91055DD921CC2F7A00FE1BA1 /* Assets.xcassets */ = {isa = PBXFileReference; lastKnownFileType = folder.assetcatalog; path = Assets.xcassets; sourceTree = "<group>"; };
		91055DDC21CC2F7A00FE1BA1 /* Base */ = {isa = PBXFileReference; lastKnownFileType = file.storyboard; name = Base; path = Base.lproj/LaunchScreen.storyboard; sourceTree = "<group>"; };
		91055DDE21CC2F7A00FE1BA1 /* Info.plist */ = {isa = PBXFileReference; lastKnownFileType = text.plist.xml; path = Info.plist; sourceTree = "<group>"; };
		91055DE521CC306D00FE1BA1 /* Card.swift */ = {isa = PBXFileReference; lastKnownFileType = sourcecode.swift; path = Card.swift; sourceTree = "<group>"; };
		91055DE721CC34CB00FE1BA1 /* ConcentrationModel.swift */ = {isa = PBXFileReference; lastKnownFileType = sourcecode.swift; path = ConcentrationModel.swift; sourceTree = "<group>"; };
		916D036721CFBA3400B0DB1A /* Theme.swift */ = {isa = PBXFileReference; lastKnownFileType = sourcecode.swift; path = Theme.swift; sourceTree = "<group>"; };
		916D036921CFBB0B00B0DB1A /* ThemeChooserViewController.swift */ = {isa = PBXFileReference; lastKnownFileType = sourcecode.swift; path = ThemeChooserViewController.swift; sourceTree = "<group>"; };
/* End PBXFileReference section */

/* Begin PBXFrameworksBuildPhase section */
		91055DCC21CC2F7800FE1BA1 /* Frameworks */ = {
			isa = PBXFrameworksBuildPhase;
			buildActionMask = 2147483647;
			files = (
			);
			runOnlyForDeploymentPostprocessing = 0;
		};
/* End PBXFrameworksBuildPhase section */

/* Begin PBXGroup section */
		91055DC621CC2F7800FE1BA1 = {
			isa = PBXGroup;
			children = (
				91055DD121CC2F7800FE1BA1 /* ConcentrationGame */,
				91055DD021CC2F7800FE1BA1 /* Products */,
			);
			sourceTree = "<group>";
		};
		91055DD021CC2F7800FE1BA1 /* Products */ = {
			isa = PBXGroup;
			children = (
				91055DCF21CC2F7800FE1BA1 /* ConcentrationGame.app */,
			);
			name = Products;
			sourceTree = "<group>";
		};
		91055DD121CC2F7800FE1BA1 /* ConcentrationGame */ = {
			isa = PBXGroup;
			children = (
				91055DD621CC2F7800FE1BA1 /* Main.storyboard */,
				916D036921CFBB0B00B0DB1A /* ThemeChooserViewController.swift */,
				91055DD421CC2F7800FE1BA1 /* ConcentrationViewController.swift */,
				916D036721CFBA3400B0DB1A /* Theme.swift */,
				91055DE721CC34CB00FE1BA1 /* ConcentrationModel.swift */,
				91055DE521CC306D00FE1BA1 /* Card.swift */,
				91055DD921CC2F7A00FE1BA1 /* Assets.xcassets */,
				91055DE421CC2FA300FE1BA1 /* Supporting Files */,
				91055DDE21CC2F7A00FE1BA1 /* Info.plist */,
			);
			path = ConcentrationGame;
			sourceTree = "<group>";
		};
		91055DE421CC2FA300FE1BA1 /* Supporting Files */ = {
			isa = PBXGroup;
			children = (
				91055DD221CC2F7800FE1BA1 /* AppDelegate.swift */,
				91055DDB21CC2F7A00FE1BA1 /* LaunchScreen.storyboard */,
			);
			path = "Supporting Files";
			sourceTree = "<group>";
		};
/* End PBXGroup section */

/* Begin PBXNativeTarget section */
		91055DCE21CC2F7800FE1BA1 /* ConcentrationGame */ = {
			isa = PBXNativeTarget;
			buildConfigurationList = 91055DE121CC2F7A00FE1BA1 /* Build configuration list for PBXNativeTarget "ConcentrationGame" */;
			buildPhases = (
				91055DCB21CC2F7800FE1BA1 /* Sources */,
				91055DCC21CC2F7800FE1BA1 /* Frameworks */,
				91055DCD21CC2F7800FE1BA1 /* Resources */,
			);
			buildRules = (
			);
			dependencies = (
			);
			name = ConcentrationGame;
			productName = ConcentrationGame;
			productReference = 91055DCF21CC2F7800FE1BA1 /* ConcentrationGame.app */;
			productType = "com.apple.product-type.application";
		};
/* End PBXNativeTarget section */

/* Begin PBXProject section */
		91055DC721CC2F7800FE1BA1 /* Project object */ = {
			isa = PBXProject;
			attributes = {
				LastSwiftUpdateCheck = 1010;
				LastUpgradeCheck = 1010;
				ORGANIZATIONNAME = "Vitalij Semenenko";
				TargetAttributes = {
					91055DCE21CC2F7800FE1BA1 = {
						CreatedOnToolsVersion = 10.1;
					};
				};
			};
			buildConfigurationList = 91055DCA21CC2F7800FE1BA1 /* Build configuration list for PBXProject "ConcentrationGame" */;
			compatibilityVersion = "Xcode 9.3";
			developmentRegion = en;
			hasScannedForEncodings = 0;
			knownRegions = (
				en,
				Base,
			);
			mainGroup = 91055DC621CC2F7800FE1BA1;
			productRefGroup = 91055DD021CC2F7800FE1BA1 /* Products */;
			projectDirPath = "";
			projectRoot = "";
			targets = (
				91055DCE21CC2F7800FE1BA1 /* ConcentrationGame */,
			);
		};
/* End PBXProject section */

/* Begin PBXResourcesBuildPhase section */
		91055DCD21CC2F7800FE1BA1 /* Resources */ = {
			isa = PBXResourcesBuildPhase;
			buildActionMask = 2147483647;
			files = (
				91055DDD21CC2F7A00FE1BA1 /* LaunchScreen.storyboard in Resources */,
				91055DDA21CC2F7A00FE1BA1 /* Assets.xcassets in Resources */,
				91055DD821CC2F7800FE1BA1 /* Main.storyboard in Resources */,
			);
			runOnlyForDeploymentPostprocessing = 0;
		};
/* End PBXResourcesBuildPhase section */

/* Begin PBXSourcesBuildPhase section */
		91055DCB21CC2F7800FE1BA1 /* Sources */ = {
			isa = PBXSourcesBuildPhase;
			buildActionMask = 2147483647;
			files = (
				91055DD521CC2F7800FE1BA1 /* ConcentrationViewController.swift in Sources */,
				91055DE621CC306D00FE1BA1 /* Card.swift in Sources */,
				916D036A21CFBB0B00B0DB1A /* ThemeChooserViewController.swift in Sources */,
				916D036821CFBA3400B0DB1A /* Theme.swift in Sources */,
				91055DD321CC2F7800FE1BA1 /* AppDelegate.swift in Sources */,
				91055DE821CC34CB00FE1BA1 /* ConcentrationModel.swift in Sources */,
			);
			runOnlyForDeploymentPostprocessing = 0;
		};
/* End PBXSourcesBuildPhase section */

/* Begin PBXVariantGroup section */
		91055DD621CC2F7800FE1BA1 /* Main.storyboard */ = {
			isa = PBXVariantGroup;
			children = (
				91055DD721CC2F7800FE1BA1 /* Base */,
			);
			name = Main.storyboard;
			sourceTree = "<group>";
		};
		91055DDB21CC2F7A00FE1BA1 /* LaunchScreen.storyboard */ = {
			isa = PBXVariantGroup;
			children = (
				91055DDC21CC2F7A00FE1BA1 /* Base */,
			);
			name = LaunchScreen.storyboard;
			sourceTree = "<group>";
		};
/* End PBXVariantGroup section */

/* Begin XCBuildConfiguration section */
		91055DDF21CC2F7A00FE1BA1 /* Debug */ = {
			isa = XCBuildConfiguration;
			buildSettings = {
				ALWAYS_SEARCH_USER_PATHS = NO;
				CLANG_ANALYZER_NONNULL = YES;
				CLANG_ANALYZER_NUMBER_OBJECT_CONVERSION = YES_AGGRESSIVE;
				CLANG_CXX_LANGUAGE_STANDARD = "gnu++14";
				CLANG_CXX_LIBRARY = "libc++";
				CLANG_ENABLE_MODULES = YES;
				CLANG_ENABLE_OBJC_ARC = YES;
				CLANG_ENABLE_OBJC_WEAK = YES;
				CLANG_WARN_BLOCK_CAPTURE_AUTORELEASING = YES;
				CLANG_WARN_BOOL_CONVERSION = YES;
				CLANG_WARN_COMMA = YES;
				CLANG_WARN_CONSTANT_CONVERSION = YES;
				CLANG_WARN_DEPRECATED_OBJC_IMPLEMENTATIONS = YES;
				CLANG_WARN_DIRECT_OBJC_ISA_USAGE = YES_ERROR;
				CLANG_WARN_DOCUMENTATION_COMMENTS = YES;
				CLANG_WARN_EMPTY_BODY = YES;
				CLANG_WARN_ENUM_CONVERSION = YES;
				CLANG_WARN_INFINITE_RECURSION = YES;
				CLANG_WARN_INT_CONVERSION = YES;
				CLANG_WARN_NON_LITERAL_NULL_CONVERSION = YES;
				CLANG_WARN_OBJC_IMPLICIT_RETAIN_SELF = YES;
				CLANG_WARN_OBJC_LITERAL_CONVERSION = YES;
				CLANG_WARN_OBJC_ROOT_CLASS = YES_ERROR;
				CLANG_WARN_RANGE_LOOP_ANALYSIS = YES;
				CLANG_WARN_STRICT_PROTOTYPES = YES;
				CLANG_WARN_SUSPICIOUS_MOVE = YES;
				CLANG_WARN_UNGUARDED_AVAILABILITY = YES_AGGRESSIVE;
				CLANG_WARN_UNREACHABLE_CODE = YES;
				CLANG_WARN__DUPLICATE_METHOD_MATCH = YES;
				CODE_SIGN_IDENTITY = "iPhone Developer";
				COPY_PHASE_STRIP = NO;
				DEBUG_INFORMATION_FORMAT = dwarf;
				ENABLE_STRICT_OBJC_MSGSEND = YES;
				ENABLE_TESTABILITY = YES;
				GCC_C_LANGUAGE_STANDARD = gnu11;
				GCC_DYNAMIC_NO_PIC = NO;
				GCC_NO_COMMON_BLOCKS = YES;
				GCC_OPTIMIZATION_LEVEL = 0;
				GCC_PREPROCESSOR_DEFINITIONS = (
					"DEBUG=1",
					"$(inherited)",
				);
				GCC_WARN_64_TO_32_BIT_CONVERSION = YES;
				GCC_WARN_ABOUT_RETURN_TYPE = YES_ERROR;
				GCC_WARN_UNDECLARED_SELECTOR = YES;
				GCC_WARN_UNINITIALIZED_AUTOS = YES_AGGRESSIVE;
				GCC_WARN_UNUSED_FUNCTION = YES;
				GCC_WARN_UNUSED_VARIABLE = YES;
				IPHONEOS_DEPLOYMENT_TARGET = 12.1;
				MTL_ENABLE_DEBUG_INFO = INCLUDE_SOURCE;
				MTL_FAST_MATH = YES;
				ONLY_ACTIVE_ARCH = YES;
				SDKROOT = iphoneos;
				SWIFT_ACTIVE_COMPILATION_CONDITIONS = DEBUG;
				SWIFT_OPTIMIZATION_LEVEL = "-Onone";
			};
			name = Debug;
		};
		91055DE021CC2F7A00FE1BA1 /* Release */ = {
			isa = XCBuildConfiguration;
			buildSettings = {
				ALWAYS_SEARCH_USER_PATHS = NO;
				CLANG_ANALYZER_NONNULL = YES;
				CLANG_ANALYZER_NUMBER_OBJECT_CONVERSION = YES_AGGRESSIVE;
				CLANG_CXX_LANGUAGE_STANDARD = "gnu++14";
				CLANG_CXX_LIBRARY = "libc++";
				CLANG_ENABLE_MODULES = YES;
				CLANG_ENABLE_OBJC_ARC = YES;
				CLANG_ENABLE_OBJC_WEAK = YES;
				CLANG_WARN_BLOCK_CAPTURE_AUTORELEASING = YES;
				CLANG_WARN_BOOL_CONVERSION = YES;
				CLANG_WARN_COMMA = YES;
				CLANG_WARN_CONSTANT_CONVERSION = YES;
				CLANG_WARN_DEPRECATED_OBJC_IMPLEMENTATIONS = YES;
				CLANG_WARN_DIRECT_OBJC_ISA_USAGE = YES_ERROR;
				CLANG_WARN_DOCUMENTATION_COMMENTS = YES;
				CLANG_WARN_EMPTY_BODY = YES;
				CLANG_WARN_ENUM_CONVERSION = YES;
				CLANG_WARN_INFINITE_RECURSION = YES;
				CLANG_WARN_INT_CONVERSION = YES;
				CLANG_WARN_NON_LITERAL_NULL_CONVERSION = YES;
				CLANG_WARN_OBJC_IMPLICIT_RETAIN_SELF = YES;
				CLANG_WARN_OBJC_LITERAL_CONVERSION = YES;
				CLANG_WARN_OBJC_ROOT_CLASS = YES_ERROR;
				CLANG_WARN_RANGE_LOOP_ANALYSIS = YES;
				CLANG_WARN_STRICT_PROTOTYPES = YES;
				CLANG_WARN_SUSPICIOUS_MOVE = YES;
				CLANG_WARN_UNGUARDED_AVAILABILITY = YES_AGGRESSIVE;
				CLANG_WARN_UNREACHABLE_CODE = YES;
				CLANG_WARN__DUPLICATE_METHOD_MATCH = YES;
				CODE_SIGN_IDENTITY = "iPhone Developer";
				COPY_PHASE_STRIP = NO;
				DEBUG_INFORMATION_FORMAT = "dwarf-with-dsym";
				ENABLE_NS_ASSERTIONS = NO;
				ENABLE_STRICT_OBJC_MSGSEND = YES;
				GCC_C_LANGUAGE_STANDARD = gnu11;
				GCC_NO_COMMON_BLOCKS = YES;
				GCC_WARN_64_TO_32_BIT_CONVERSION = YES;
				GCC_WARN_ABOUT_RETURN_TYPE = YES_ERROR;
				GCC_WARN_UNDECLARED_SELECTOR = YES;
				GCC_WARN_UNINITIALIZED_AUTOS = YES_AGGRESSIVE;
				GCC_WARN_UNUSED_FUNCTION = YES;
				GCC_WARN_UNUSED_VARIABLE = YES;
				IPHONEOS_DEPLOYMENT_TARGET = 12.1;
				MTL_ENABLE_DEBUG_INFO = NO;
				MTL_FAST_MATH = YES;
				SDKROOT = iphoneos;
				SWIFT_COMPILATION_MODE = wholemodule;
				SWIFT_OPTIMIZATION_LEVEL = "-O";
				VALIDATE_PRODUCT = YES;
			};
			name = Release;
		};
		91055DE221CC2F7A00FE1BA1 /* Debug */ = {
			isa = XCBuildConfiguration;
			buildSettings = {
				ASSETCATALOG_COMPILER_APPICON_NAME = AppIcon;
				CODE_SIGN_STYLE = Automatic;
				DEVELOPMENT_TEAM = 9HKHASFYVV;
				INFOPLIST_FILE = ConcentrationGame/Info.plist;
				LD_RUNPATH_SEARCH_PATHS = (
					"$(inherited)",
					"@executable_path/Frameworks",
				);
				PRODUCT_BUNDLE_IDENTIFIER = "Vitalij-Semenenko.ConcentrationGame";
				PRODUCT_NAME = "$(TARGET_NAME)";
				SWIFT_VERSION = 4.2;
				TARGETED_DEVICE_FAMILY = "1,2";
			};
			name = Debug;
		};
		91055DE321CC2F7A00FE1BA1 /* Release */ = {
			isa = XCBuildConfiguration;
			buildSettings = {
				ASSETCATALOG_COMPILER_APPICON_NAME = AppIcon;
				CODE_SIGN_STYLE = Automatic;
				DEVELOPMENT_TEAM = 9HKHASFYVV;
				INFOPLIST_FILE = ConcentrationGame/Info.plist;
				LD_RUNPATH_SEARCH_PATHS = (
					"$(inherited)",
					"@executable_path/Frameworks",
				);
				PRODUCT_BUNDLE_IDENTIFIER = "Vitalij-Semenenko.ConcentrationGame";
				PRODUCT_NAME = "$(TARGET_NAME)";
				SWIFT_VERSION = 4.2;
				TARGETED_DEVICE_FAMILY = "1,2";
			};
			name = Release;
		};
/* End XCBuildConfiguration section */

/* Begin XCConfigurationList section */
		91055DCA21CC2F7800FE1BA1 /* Build configuration list for PBXProject "ConcentrationGame" */ = {
			isa = XCConfigurationList;
			buildConfigurations = (
				91055DDF21CC2F7A00FE1BA1 /* Debug */,
				91055DE021CC2F7A00FE1BA1 /* Release */,
			);
			defaultConfigurationIsVisible = 0;
			defaultConfigurationName = Release;
		};
		91055DE121CC2F7A00FE1BA1 /* Build configuration list for PBXNativeTarget "ConcentrationGame" */ = {
			isa = XCConfigurationList;
			buildConfigurations = (
				91055DE221CC2F7A00FE1BA1 /* Debug */,
				91055DE321CC2F7A00FE1BA1 /* Release */,
			);
			defaultConfigurationIsVisible = 0;
			defaultConfigurationName = Release;
		};
/* End XCConfigurationList section */
	};
	rootObject = 91055DC721CC2F7800FE1BA1 /* Project object */;
}
